
Microsoft Visual Studio Solution File, Format Version 12.00
# Visual Studio Version 16
VisualStudioVersion = 16.0.31321.278
MinimumVisualStudioVersion = 10.0.40219.1
Project("{FAE04EC0-301F-11D3-BF4B-00C04F79EFBC}") = "CopyDirectory", "CopyDirectory\CopyDirectory.csproj", "{EABCC39B-DBD7-4826-A6C2-C4B0EC2987FF}"
EndProject
Global
	GlobalSection(SolutionConfigurationPlatforms) = preSolution
		Debug|Any CPU = Debug|Any CPU
		Release|Any CPU = Release|Any CPU
	EndGlobalSection
	GlobalSection(ProjectConfigurationPlatforms) = postSolution
		{EABCC39B-DBD7-4826-A6C2-C4B0EC2987FF}.Debug|Any CPU.ActiveCfg = Debug|Any CPU
		{EABCC39B-DBD7-4826-A6C2-C4B0EC2987FF}.Debug|Any CPU.Build.0 = Debug|Any CPU
		{EABCC39B-DBD7-4826-A6C2-C4B0EC2987FF}.Release|Any CPU.ActiveCfg = Release|Any CPU
		{EABCC39B-DBD7-4826-A6C2-C4B0EC2987FF}.Release|Any CPU.Build.0 = Release|Any CPU
	EndGlobalSection
	GlobalSection(SolutionProperties) = preSolution
		HideSolutionNode = FALSE
	EndGlobalSection
	GlobalSection(ExtensibilityGlobals) = postSolution
		SolutionGuid = {A0E86C79-900B-4D0E-A7FE-11E18DF5B255}
	EndGlobalSection
EndGlobal
